
Microsoft Visual Studio Solution File, Format Version 12.00
# Visual Studio 15
VisualStudioVersion = 15.0.26730.16
MinimumVisualStudioVersion = 10.0.40219.1
Project("{FAE04EC0-301F-11D3-BF4B-00C04F79EFBC}") = "MEXA_SE.Domain", "MEXA_SE.Domain\MEXA_SE.Domain.csproj", "{C0D5FE14-F386-4F36-90C4-6616D4AECB82}"
EndProject
Project("{FAE04EC0-301F-11D3-BF4B-00C04F79EFBC}") = "MEXA_SE.SharedKernel", "MEXA_SE.SharedKernel\MEXA_SE.SharedKernel.csproj", "{EFF898BD-0E8D-4C95-9C68-820885326073}"
EndProject
Project("{FAE04EC0-301F-11D3-BF4B-00C04F79EFBC}") = "MEXA_SE.Test", "MEXA_SE.Test\MEXA_SE.Test.csproj", "{DD9818DC-8FCD-4EEE-91AA-D9996806094A}"
EndProject
Project("{FAE04EC0-301F-11D3-BF4B-00C04F79EFBC}") = "MEXA_SE.Infra", "MEXA_SE.Infra\MEXA_SE.Infra.csproj", "{D0E3B407-6936-4FDD-9FD0-D0AD73DE9324}"
EndProject
Global
	GlobalSection(SolutionConfigurationPlatforms) = preSolution
		Debug|Any CPU = Debug|Any CPU
		Release|Any CPU = Release|Any CPU
	EndGlobalSection
	GlobalSection(ProjectConfigurationPlatforms) = postSolution
		{C0D5FE14-F386-4F36-90C4-6616D4AECB82}.Debug|Any CPU.ActiveCfg = Debug|Any CPU
		{C0D5FE14-F386-4F36-90C4-6616D4AECB82}.Debug|Any CPU.Build.0 = Debug|Any CPU
		{C0D5FE14-F386-4F36-90C4-6616D4AECB82}.Release|Any CPU.ActiveCfg = Release|Any CPU
		{C0D5FE14-F386-4F36-90C4-6616D4AECB82}.Release|Any CPU.Build.0 = Release|Any CPU
		{EFF898BD-0E8D-4C95-9C68-820885326073}.Debug|Any CPU.ActiveCfg = Debug|Any CPU
		{EFF898BD-0E8D-4C95-9C68-820885326073}.Debug|Any CPU.Build.0 = Debug|Any CPU
		{EFF898BD-0E8D-4C95-9C68-820885326073}.Release|Any CPU.ActiveCfg = Release|Any CPU
		{EFF898BD-0E8D-4C95-9C68-820885326073}.Release|Any CPU.Build.0 = Release|Any CPU
		{DD9818DC-8FCD-4EEE-91AA-D9996806094A}.Debug|Any CPU.ActiveCfg = Debug|Any CPU
		{DD9818DC-8FCD-4EEE-91AA-D9996806094A}.Debug|Any CPU.Build.0 = Debug|Any CPU
		{DD9818DC-8FCD-4EEE-91AA-D9996806094A}.Release|Any CPU.ActiveCfg = Release|Any CPU
		{DD9818DC-8FCD-4EEE-91AA-D9996806094A}.Release|Any CPU.Build.0 = Release|Any CPU
		{D0E3B407-6936-4FDD-9FD0-D0AD73DE9324}.Debug|Any CPU.ActiveCfg = Debug|Any CPU
		{D0E3B407-6936-4FDD-9FD0-D0AD73DE9324}.Debug|Any CPU.Build.0 = Debug|Any CPU
		{D0E3B407-6936-4FDD-9FD0-D0AD73DE9324}.Release|Any CPU.ActiveCfg = Release|Any CPU
		{D0E3B407-6936-4FDD-9FD0-D0AD73DE9324}.Release|Any CPU.Build.0 = Release|Any CPU
	EndGlobalSection
	GlobalSection(SolutionProperties) = preSolution
		HideSolutionNode = FALSE
	EndGlobalSection
	GlobalSection(ExtensibilityGlobals) = postSolution
		SolutionGuid = {51724B4B-F363-4927-8725-FF3AAF508820}
	EndGlobalSection
EndGlobal
